// !$*UTF8*$!
{
	archiveVersion = 1;
	classes = {
	};
	objectVersion = 56;
	objects = {

/* Begin PBXBuildFile section */
		1B53E09E2C646A9600006908 /* AppDelegate.swift in Sources */ = {isa = PBXBuildFile; fileRef = 1B53E09D2C646A9600006908 /* AppDelegate.swift */; };
		1B53E0A02C646A9600006908 /* SceneDelegate.swift in Sources */ = {isa = PBXBuildFile; fileRef = 1B53E09F2C646A9600006908 /* SceneDelegate.swift */; };
		1B53E0A72C646A9700006908 /* Assets.xcassets in Resources */ = {isa = PBXBuildFile; fileRef = 1B53E0A62C646A9700006908 /* Assets.xcassets */; };
		1B53E0AA2C646A9700006908 /* LaunchScreen.storyboard in Resources */ = {isa = PBXBuildFile; fileRef = 1B53E0A82C646A9700006908 /* LaunchScreen.storyboard */; };
		1B53E0B22C67D67300006908 /* MainViewController.swift in Sources */ = {isa = PBXBuildFile; fileRef = 1B53E0B12C67D67300006908 /* MainViewController.swift */; };
		1B53E0B72C67D74500006908 /* ConstantImage.swift in Sources */ = {isa = PBXBuildFile; fileRef = 1B53E0B62C67D74500006908 /* ConstantImage.swift */; };
		1B685D8D2C67EF9400B52DED /* SFTitlesCollectionViewCell.swift in Sources */ = {isa = PBXBuildFile; fileRef = 1B685D8C2C67EF9400B52DED /* SFTitlesCollectionViewCell.swift */; };
		1B685D902C67F03300B52DED /* SFTitleCell.swift in Sources */ = {isa = PBXBuildFile; fileRef = 1B685D8F2C67F03300B52DED /* SFTitleCell.swift */; };
/* End PBXBuildFile section */

/* Begin PBXFileReference section */
		1B53E09A2C646A9600006908 /* Shadaloo C.R.I.app */ = {isa = PBXFileReference; explicitFileType = wrapper.application; includeInIndex = 0; path = "Shadaloo C.R.I.app"; sourceTree = BUILT_PRODUCTS_DIR; };
		1B53E09D2C646A9600006908 /* AppDelegate.swift */ = {isa = PBXFileReference; lastKnownFileType = sourcecode.swift; path = AppDelegate.swift; sourceTree = "<group>"; };
		1B53E09F2C646A9600006908 /* SceneDelegate.swift */ = {isa = PBXFileReference; lastKnownFileType = sourcecode.swift; path = SceneDelegate.swift; sourceTree = "<group>"; };
		1B53E0A62C646A9700006908 /* Assets.xcassets */ = {isa = PBXFileReference; lastKnownFileType = folder.assetcatalog; path = Assets.xcassets; sourceTree = "<group>"; };
		1B53E0A92C646A9700006908 /* Base */ = {isa = PBXFileReference; lastKnownFileType = file.storyboard; name = Base; path = Base.lproj/LaunchScreen.storyboard; sourceTree = "<group>"; };
		1B53E0AB2C646A9700006908 /* Info.plist */ = {isa = PBXFileReference; lastKnownFileType = text.plist.xml; path = Info.plist; sourceTree = "<group>"; };
		1B53E0B12C67D67300006908 /* MainViewController.swift */ = {isa = PBXFileReference; lastKnownFileType = sourcecode.swift; path = MainViewController.swift; sourceTree = "<group>"; };
		1B53E0B62C67D74500006908 /* ConstantImage.swift */ = {isa = PBXFileReference; lastKnownFileType = sourcecode.swift; path = ConstantImage.swift; sourceTree = "<group>"; };
		1B685D8C2C67EF9400B52DED /* SFTitlesCollectionViewCell.swift */ = {isa = PBXFileReference; lastKnownFileType = sourcecode.swift; path = SFTitlesCollectionViewCell.swift; sourceTree = "<group>"; };
		1B685D8F2C67F03300B52DED /* SFTitleCell.swift */ = {isa = PBXFileReference; lastKnownFileType = sourcecode.swift; path = SFTitleCell.swift; sourceTree = "<group>"; };
/* End PBXFileReference section */

/* Begin PBXFrameworksBuildPhase section */
		1B53E0972C646A9600006908 /* Frameworks */ = {
			isa = PBXFrameworksBuildPhase;
			buildActionMask = 2147483647;
			files = (
			);
			runOnlyForDeploymentPostprocessing = 0;
		};
/* End PBXFrameworksBuildPhase section */

/* Begin PBXGroup section */
		1B53E0912C646A9600006908 = {
			isa = PBXGroup;
			children = (
				1B53E09C2C646A9600006908 /* shadaloocri-uikit */,
				1B53E09B2C646A9600006908 /* Products */,
			);
			sourceTree = "<group>";
		};
		1B53E09B2C646A9600006908 /* Products */ = {
			isa = PBXGroup;
			children = (
				1B53E09A2C646A9600006908 /* Shadaloo C.R.I.app */,
			);
			name = Products;
			sourceTree = "<group>";
		};
		1B53E09C2C646A9600006908 /* shadaloocri-uikit */ = {
			isa = PBXGroup;
			children = (
				1B685D8E2C67F01C00B52DED /* Models */,
				1B685D7E2C67E27200B52DED /* Components */,
				1B685D772C67DC3E00B52DED /* Extensions */,
				1B53E0B42C67D72B00006908 /* Constants */,
				1B53E0B32C67D6FF00006908 /* Screens */,
				1B53E09D2C646A9600006908 /* AppDelegate.swift */,
				1B53E09F2C646A9600006908 /* SceneDelegate.swift */,
				1B53E0A62C646A9700006908 /* Assets.xcassets */,
				1B53E0A82C646A9700006908 /* LaunchScreen.storyboard */,
				1B53E0AB2C646A9700006908 /* Info.plist */,
			);
			path = "shadaloocri-uikit";
			sourceTree = "<group>";
		};
		1B53E0B32C67D6FF00006908 /* Screens */ = {
			isa = PBXGroup;
			children = (
				1B53E0B12C67D67300006908 /* MainViewController.swift */,
			);
			path = Screens;
			sourceTree = "<group>";
		};
		1B53E0B42C67D72B00006908 /* Constants */ = {
			isa = PBXGroup;
			children = (
				1B53E0B52C67D73400006908 /* Images */,
			);
			path = Constants;
			sourceTree = "<group>";
		};
		1B53E0B52C67D73400006908 /* Images */ = {
			isa = PBXGroup;
			children = (
				1B53E0B62C67D74500006908 /* ConstantImage.swift */,
			);
			path = Images;
			sourceTree = "<group>";
		};
		1B685D772C67DC3E00B52DED /* Extensions */ = {
			isa = PBXGroup;
			children = (
			);
			path = Extensions;
			sourceTree = "<group>";
		};
		1B685D7E2C67E27200B52DED /* Components */ = {
			isa = PBXGroup;
			children = (
				1B685D8B2C67EF7100B52DED /* Cells */,
			);
			path = Components;
			sourceTree = "<group>";
		};
		1B685D8B2C67EF7100B52DED /* Cells */ = {
			isa = PBXGroup;
			children = (
				1B685D8C2C67EF9400B52DED /* SFTitlesCollectionViewCell.swift */,
			);
			path = Cells;
			sourceTree = "<group>";
		};
		1B685D8E2C67F01C00B52DED /* Models */ = {
			isa = PBXGroup;
			children = (
				1B685D8F2C67F03300B52DED /* SFTitleCell.swift */,
			);
			path = Models;
			sourceTree = "<group>";
		};
/* End PBXGroup section */

/* Begin PBXNativeTarget section */
		1B53E0992C646A9600006908 /* shadaloocri-uikit */ = {
			isa = PBXNativeTarget;
			buildConfigurationList = 1B53E0AE2C646A9700006908 /* Build configuration list for PBXNativeTarget "shadaloocri-uikit" */;
			buildPhases = (
				1B53E0962C646A9600006908 /* Sources */,
				1B53E0972C646A9600006908 /* Frameworks */,
				1B53E0982C646A9600006908 /* Resources */,
			);
			buildRules = (
			);
			dependencies = (
			);
			name = "shadaloocri-uikit";
			productName = "shadaloocri-uikit";
			productReference = 1B53E09A2C646A9600006908 /* Shadaloo C.R.I.app */;
			productType = "com.apple.product-type.application";
		};
/* End PBXNativeTarget section */

/* Begin PBXProject section */
		1B53E0922C646A9600006908 /* Project object */ = {
			isa = PBXProject;
			attributes = {
				BuildIndependentTargetsInParallel = 1;
				LastSwiftUpdateCheck = 1520;
				LastUpgradeCheck = 1520;
				TargetAttributes = {
					1B53E0992C646A9600006908 = {
						CreatedOnToolsVersion = 15.2;
					};
				};
			};
			buildConfigurationList = 1B53E0952C646A9600006908 /* Build configuration list for PBXProject "shadaloocri-uikit" */;
			compatibilityVersion = "Xcode 14.0";
			developmentRegion = en;
			hasScannedForEncodings = 0;
			knownRegions = (
				en,
				Base,
			);
			mainGroup = 1B53E0912C646A9600006908;
			productRefGroup = 1B53E09B2C646A9600006908 /* Products */;
			projectDirPath = "";
			projectRoot = "";
			targets = (
				1B53E0992C646A9600006908 /* shadaloocri-uikit */,
			);
		};
/* End PBXProject section */

/* Begin PBXResourcesBuildPhase section */
		1B53E0982C646A9600006908 /* Resources */ = {
			isa = PBXResourcesBuildPhase;
			buildActionMask = 2147483647;
			files = (
				1B53E0AA2C646A9700006908 /* LaunchScreen.storyboard in Resources */,
				1B53E0A72C646A9700006908 /* Assets.xcassets in Resources */,
			);
			runOnlyForDeploymentPostprocessing = 0;
		};
/* End PBXResourcesBuildPhase section */

/* Begin PBXSourcesBuildPhase section */
		1B53E0962C646A9600006908 /* Sources */ = {
			isa = PBXSourcesBuildPhase;
			buildActionMask = 2147483647;
			files = (
				1B53E09E2C646A9600006908 /* AppDelegate.swift in Sources */,
				1B53E0B72C67D74500006908 /* ConstantImage.swift in Sources */,
				1B53E0A02C646A9600006908 /* SceneDelegate.swift in Sources */,
				1B685D902C67F03300B52DED /* SFTitleCell.swift in Sources */,
				1B685D8D2C67EF9400B52DED /* SFTitlesCollectionViewCell.swift in Sources */,
				1B53E0B22C67D67300006908 /* MainViewController.swift in Sources */,
			);
			runOnlyForDeploymentPostprocessing = 0;
		};
/* End PBXSourcesBuildPhase section */

/* Begin PBXVariantGroup section */
		1B53E0A82C646A9700006908 /* LaunchScreen.storyboard */ = {
			isa = PBXVariantGroup;
			children = (
				1B53E0A92C646A9700006908 /* Base */,
			);
			name = LaunchScreen.storyboard;
			sourceTree = "<group>";
		};
/* End PBXVariantGroup section */

/* Begin XCBuildConfiguration section */
		1B53E0AC2C646A9700006908 /* Debug */ = {
			isa = XCBuildConfiguration;
			buildSettings = {
				ALWAYS_SEARCH_USER_PATHS = NO;
				ASSETCATALOG_COMPILER_GENERATE_SWIFT_ASSET_SYMBOL_EXTENSIONS = YES;
				CLANG_ANALYZER_NONNULL = YES;
				CLANG_ANALYZER_NUMBER_OBJECT_CONVERSION = YES_AGGRESSIVE;
				CLANG_CXX_LANGUAGE_STANDARD = "gnu++20";
				CLANG_ENABLE_MODULES = YES;
				CLANG_ENABLE_OBJC_ARC = YES;
				CLANG_ENABLE_OBJC_WEAK = YES;
				CLANG_WARN_BLOCK_CAPTURE_AUTORELEASING = YES;
				CLANG_WARN_BOOL_CONVERSION = YES;
				CLANG_WARN_COMMA = YES;
				CLANG_WARN_CONSTANT_CONVERSION = YES;
				CLANG_WARN_DEPRECATED_OBJC_IMPLEMENTATIONS = YES;
				CLANG_WARN_DIRECT_OBJC_ISA_USAGE = YES_ERROR;
				CLANG_WARN_DOCUMENTATION_COMMENTS = YES;
				CLANG_WARN_EMPTY_BODY = YES;
				CLANG_WARN_ENUM_CONVERSION = YES;
				CLANG_WARN_INFINITE_RECURSION = YES;
				CLANG_WARN_INT_CONVERSION = YES;
				CLANG_WARN_NON_LITERAL_NULL_CONVERSION = YES;
				CLANG_WARN_OBJC_IMPLICIT_RETAIN_SELF = YES;
				CLANG_WARN_OBJC_LITERAL_CONVERSION = YES;
				CLANG_WARN_OBJC_ROOT_CLASS = YES_ERROR;
				CLANG_WARN_QUOTED_INCLUDE_IN_FRAMEWORK_HEADER = YES;
				CLANG_WARN_RANGE_LOOP_ANALYSIS = YES;
				CLANG_WARN_STRICT_PROTOTYPES = YES;
				CLANG_WARN_SUSPICIOUS_MOVE = YES;
				CLANG_WARN_UNGUARDED_AVAILABILITY = YES_AGGRESSIVE;
				CLANG_WARN_UNREACHABLE_CODE = YES;
				CLANG_WARN__DUPLICATE_METHOD_MATCH = YES;
				COPY_PHASE_STRIP = NO;
				DEBUG_INFORMATION_FORMAT = dwarf;
				ENABLE_STRICT_OBJC_MSGSEND = YES;
				ENABLE_TESTABILITY = YES;
				ENABLE_USER_SCRIPT_SANDBOXING = YES;
				GCC_C_LANGUAGE_STANDARD = gnu17;
				GCC_DYNAMIC_NO_PIC = NO;
				GCC_NO_COMMON_BLOCKS = YES;
				GCC_OPTIMIZATION_LEVEL = 0;
				GCC_PREPROCESSOR_DEFINITIONS = (
					"DEBUG=1",
					"$(inherited)",
				);
				GCC_WARN_64_TO_32_BIT_CONVERSION = YES;
				GCC_WARN_ABOUT_RETURN_TYPE = YES_ERROR;
				GCC_WARN_UNDECLARED_SELECTOR = YES;
				GCC_WARN_UNINITIALIZED_AUTOS = YES_AGGRESSIVE;
				GCC_WARN_UNUSED_FUNCTION = YES;
				GCC_WARN_UNUSED_VARIABLE = YES;
				IPHONEOS_DEPLOYMENT_TARGET = 17.2;
				LOCALIZATION_PREFERS_STRING_CATALOGS = YES;
				MTL_ENABLE_DEBUG_INFO = INCLUDE_SOURCE;
				MTL_FAST_MATH = YES;
				ONLY_ACTIVE_ARCH = YES;
				SDKROOT = iphoneos;
				SWIFT_ACTIVE_COMPILATION_CONDITIONS = "DEBUG $(inherited)";
				SWIFT_OPTIMIZATION_LEVEL = "-Onone";
			};
			name = Debug;
		};
		1B53E0AD2C646A9700006908 /* Release */ = {
			isa = XCBuildConfiguration;
			buildSettings = {
				ALWAYS_SEARCH_USER_PATHS = NO;
				ASSETCATALOG_COMPILER_GENERATE_SWIFT_ASSET_SYMBOL_EXTENSIONS = YES;
				CLANG_ANALYZER_NONNULL = YES;
				CLANG_ANALYZER_NUMBER_OBJECT_CONVERSION = YES_AGGRESSIVE;
				CLANG_CXX_LANGUAGE_STANDARD = "gnu++20";
				CLANG_ENABLE_MODULES = YES;
				CLANG_ENABLE_OBJC_ARC = YES;
				CLANG_ENABLE_OBJC_WEAK = YES;
				CLANG_WARN_BLOCK_CAPTURE_AUTORELEASING = YES;
				CLANG_WARN_BOOL_CONVERSION = YES;
				CLANG_WARN_COMMA = YES;
				CLANG_WARN_CONSTANT_CONVERSION = YES;
				CLANG_WARN_DEPRECATED_OBJC_IMPLEMENTATIONS = YES;
				CLANG_WARN_DIRECT_OBJC_ISA_USAGE = YES_ERROR;
				CLANG_WARN_DOCUMENTATION_COMMENTS = YES;
				CLANG_WARN_EMPTY_BODY = YES;
				CLANG_WARN_ENUM_CONVERSION = YES;
				CLANG_WARN_INFINITE_RECURSION = YES;
				CLANG_WARN_INT_CONVERSION = YES;
				CLANG_WARN_NON_LITERAL_NULL_CONVERSION = YES;
				CLANG_WARN_OBJC_IMPLICIT_RETAIN_SELF = YES;
				CLANG_WARN_OBJC_LITERAL_CONVERSION = YES;
				CLANG_WARN_OBJC_ROOT_CLASS = YES_ERROR;
				CLANG_WARN_QUOTED_INCLUDE_IN_FRAMEWORK_HEADER = YES;
				CLANG_WARN_RANGE_LOOP_ANALYSIS = YES;
				CLANG_WARN_STRICT_PROTOTYPES = YES;
				CLANG_WARN_SUSPICIOUS_MOVE = YES;
				CLANG_WARN_UNGUARDED_AVAILABILITY = YES_AGGRESSIVE;
				CLANG_WARN_UNREACHABLE_CODE = YES;
				CLANG_WARN__DUPLICATE_METHOD_MATCH = YES;
				COPY_PHASE_STRIP = NO;
				DEBUG_INFORMATION_FORMAT = "dwarf-with-dsym";
				ENABLE_NS_ASSERTIONS = NO;
				ENABLE_STRICT_OBJC_MSGSEND = YES;
				ENABLE_USER_SCRIPT_SANDBOXING = YES;
				GCC_C_LANGUAGE_STANDARD = gnu17;
				GCC_NO_COMMON_BLOCKS = YES;
				GCC_WARN_64_TO_32_BIT_CONVERSION = YES;
				GCC_WARN_ABOUT_RETURN_TYPE = YES_ERROR;
				GCC_WARN_UNDECLARED_SELECTOR = YES;
				GCC_WARN_UNINITIALIZED_AUTOS = YES_AGGRESSIVE;
				GCC_WARN_UNUSED_FUNCTION = YES;
				GCC_WARN_UNUSED_VARIABLE = YES;
				IPHONEOS_DEPLOYMENT_TARGET = 17.2;
				LOCALIZATION_PREFERS_STRING_CATALOGS = YES;
				MTL_ENABLE_DEBUG_INFO = NO;
				MTL_FAST_MATH = YES;
				SDKROOT = iphoneos;
				SWIFT_COMPILATION_MODE = wholemodule;
				VALIDATE_PRODUCT = YES;
			};
			name = Release;
		};
		1B53E0AF2C646A9700006908 /* Debug */ = {
			isa = XCBuildConfiguration;
			buildSettings = {
				ASSETCATALOG_COMPILER_APPICON_NAME = AppIcon;
				ASSETCATALOG_COMPILER_GLOBAL_ACCENT_COLOR_NAME = AccentColor;
				CODE_SIGN_STYLE = Automatic;
				CURRENT_PROJECT_VERSION = 1;
				GENERATE_INFOPLIST_FILE = YES;
				INFOPLIST_FILE = "shadaloocri-uikit/Info.plist";
				INFOPLIST_KEY_UIApplicationSupportsIndirectInputEvents = YES;
				INFOPLIST_KEY_UILaunchStoryboardName = LaunchScreen;
				INFOPLIST_KEY_UISupportedInterfaceOrientations_iPad = "UIInterfaceOrientationPortrait UIInterfaceOrientationPortraitUpsideDown UIInterfaceOrientationLandscapeLeft UIInterfaceOrientationLandscapeRight";
				INFOPLIST_KEY_UISupportedInterfaceOrientations_iPhone = "UIInterfaceOrientationPortrait UIInterfaceOrientationLandscapeLeft UIInterfaceOrientationLandscapeRight";
				LD_RUNPATH_SEARCH_PATHS = (
					"$(inherited)",
					"@executable_path/Frameworks",
				);
				MARKETING_VERSION = 1.0;
				PRODUCT_BUNDLE_IDENTIFIER = "com.shadaloocri-uikit";
				PRODUCT_NAME = "Shadaloo C.R.I";
				SWIFT_EMIT_LOC_STRINGS = YES;
				SWIFT_VERSION = 5.0;
				TARGETED_DEVICE_FAMILY = "1,2";
			};
			name = Debug;
		};
		1B53E0B02C646A9700006908 /* Release */ = {
			isa = XCBuildConfiguration;
			buildSettings = {
				ASSETCATALOG_COMPILER_APPICON_NAME = AppIcon;
				ASSETCATALOG_COMPILER_GLOBAL_ACCENT_COLOR_NAME = AccentColor;
				CODE_SIGN_STYLE = Automatic;
				CURRENT_PROJECT_VERSION = 1;
				GENERATE_INFOPLIST_FILE = YES;
				INFOPLIST_FILE = "shadaloocri-uikit/Info.plist";
				INFOPLIST_KEY_UIApplicationSupportsIndirectInputEvents = YES;
				INFOPLIST_KEY_UILaunchStoryboardName = LaunchScreen;
				INFOPLIST_KEY_UISupportedInterfaceOrientations_iPad = "UIInterfaceOrientationPortrait UIInterfaceOrientationPortraitUpsideDown UIInterfaceOrientationLandscapeLeft UIInterfaceOrientationLandscapeRight";
				INFOPLIST_KEY_UISupportedInterfaceOrientations_iPhone = "UIInterfaceOrientationPortrait UIInterfaceOrientationLandscapeLeft UIInterfaceOrientationLandscapeRight";
				LD_RUNPATH_SEARCH_PATHS = (
					"$(inherited)",
					"@executable_path/Frameworks",
				);
				MARKETING_VERSION = 1.0;
				PRODUCT_BUNDLE_IDENTIFIER = "com.shadaloocri-uikit";
				PRODUCT_NAME = "Shadaloo C.R.I";
				SWIFT_EMIT_LOC_STRINGS = YES;
				SWIFT_VERSION = 5.0;
				TARGETED_DEVICE_FAMILY = "1,2";
			};
			name = Release;
		};
/* End XCBuildConfiguration section */

/* Begin XCConfigurationList section */
		1B53E0952C646A9600006908 /* Build configuration list for PBXProject "shadaloocri-uikit" */ = {
			isa = XCConfigurationList;
			buildConfigurations = (
				1B53E0AC2C646A9700006908 /* Debug */,
				1B53E0AD2C646A9700006908 /* Release */,
			);
			defaultConfigurationIsVisible = 0;
			defaultConfigurationName = Release;
		};
		1B53E0AE2C646A9700006908 /* Build configuration list for PBXNativeTarget "shadaloocri-uikit" */ = {
			isa = XCConfigurationList;
			buildConfigurations = (
				1B53E0AF2C646A9700006908 /* Debug */,
				1B53E0B02C646A9700006908 /* Release */,
			);
			defaultConfigurationIsVisible = 0;
			defaultConfigurationName = Release;
		};
/* End XCConfigurationList section */
	};
	rootObject = 1B53E0922C646A9600006908 /* Project object */;
}
